
Microsoft Visual Studio Solution File, Format Version 12.00
# Visual Studio Version 16
VisualStudioVersion = 16.0.29509.3
MinimumVisualStudioVersion = 10.0.40219.1
Project("{9A19103F-16F7-4668-BE54-9A1E7A4F7556}") = "Tweetbook", "Tweetbook\Tweetbook.csproj", "{827C361A-79A7-4460-8F6F-EBA8B8AD8B1F}"
EndProject
Project("{2150E333-8FDC-42A3-9474-1A3956D46DE8}") = "Solution Items", "Solution Items", "{D26E457F-00BF-4982-AA34-DDBE249A703A}"
	ProjectSection(SolutionItems) = preProject
		Util.txt = Util.txt
	EndProjectSection
EndProject
Project("{9A19103F-16F7-4668-BE54-9A1E7A4F7556}") = "Tweetbook.IntegrationsTests", "Tweetbook.IntegrationsTests\Tweetbook.IntegrationsTests.csproj", "{3B0FD345-17F0-40C9-B839-80F1B6D16CA3}"
EndProject
Project("{FAE04EC0-301F-11D3-BF4B-00C04F79EFBC}") = "Tweetbook.Sdk", "Tweetbook.Sdk\Tweetbook.Sdk.csproj", "{ABB25D0F-260F-455E-92F5-63031DD150A7}"
EndProject
Project("{FAE04EC0-301F-11D3-BF4B-00C04F79EFBC}") = "Tweetbook.Sdk.Sample", "Tweetbook.Sdk.Sample\Tweetbook.Sdk.Sample.csproj", "{F4EF831F-FA8E-41F2-8192-0834385DF7FA}"
EndProject
Global
	GlobalSection(SolutionConfigurationPlatforms) = preSolution
		Debug|Any CPU = Debug|Any CPU
		Release|Any CPU = Release|Any CPU
	EndGlobalSection
	GlobalSection(ProjectConfigurationPlatforms) = postSolution
		{827C361A-79A7-4460-8F6F-EBA8B8AD8B1F}.Debug|Any CPU.ActiveCfg = Debug|Any CPU
		{827C361A-79A7-4460-8F6F-EBA8B8AD8B1F}.Debug|Any CPU.Build.0 = Debug|Any CPU
		{827C361A-79A7-4460-8F6F-EBA8B8AD8B1F}.Release|Any CPU.ActiveCfg = Release|Any CPU
		{827C361A-79A7-4460-8F6F-EBA8B8AD8B1F}.Release|Any CPU.Build.0 = Release|Any CPU
		{3B0FD345-17F0-40C9-B839-80F1B6D16CA3}.Debug|Any CPU.ActiveCfg = Debug|Any CPU
		{3B0FD345-17F0-40C9-B839-80F1B6D16CA3}.Debug|Any CPU.Build.0 = Debug|Any CPU
		{3B0FD345-17F0-40C9-B839-80F1B6D16CA3}.Release|Any CPU.ActiveCfg = Release|Any CPU
		{3B0FD345-17F0-40C9-B839-80F1B6D16CA3}.Release|Any CPU.Build.0 = Release|Any CPU
		{ABB25D0F-260F-455E-92F5-63031DD150A7}.Debug|Any CPU.ActiveCfg = Debug|Any CPU
		{ABB25D0F-260F-455E-92F5-63031DD150A7}.Debug|Any CPU.Build.0 = Debug|Any CPU
		{ABB25D0F-260F-455E-92F5-63031DD150A7}.Release|Any CPU.ActiveCfg = Release|Any CPU
		{ABB25D0F-260F-455E-92F5-63031DD150A7}.Release|Any CPU.Build.0 = Release|Any CPU
		{F4EF831F-FA8E-41F2-8192-0834385DF7FA}.Debug|Any CPU.ActiveCfg = Debug|Any CPU
		{F4EF831F-FA8E-41F2-8192-0834385DF7FA}.Debug|Any CPU.Build.0 = Debug|Any CPU
		{F4EF831F-FA8E-41F2-8192-0834385DF7FA}.Release|Any CPU.ActiveCfg = Release|Any CPU
		{F4EF831F-FA8E-41F2-8192-0834385DF7FA}.Release|Any CPU.Build.0 = Release|Any CPU
	EndGlobalSection
	GlobalSection(SolutionProperties) = preSolution
		HideSolutionNode = FALSE
	EndGlobalSection
	GlobalSection(ExtensibilityGlobals) = postSolution
		SolutionGuid = {DB52CCED-483A-43BB-9973-FDC6E30D4300}
	EndGlobalSection
EndGlobal
